
Microsoft Visual Studio Solution File, Format Version 12.00
# Visual Studio 15
VisualStudioVersion = 15.0.26430.14
MinimumVisualStudioVersion = 10.0.40219.1
Project("{FAE04EC0-301F-11D3-BF4B-00C04F79EFBC}") = "WebGame", "WebGame\WebGame.csproj", "{23CA4C57-A810-4117-AAD3-DC8B45B310F3}"
EndProject
Project("{9A19103F-16F7-4668-BE54-9A1E7A4F7556}") = "GameServer", "GameServer\GameServer.csproj", "{4B43CD2B-0A2C-40CC-AB0F-3A977D8C2B6A}"
EndProject
Global
	GlobalSection(SolutionConfigurationPlatforms) = preSolution
		Debug|Any CPU = Debug|Any CPU
		Release|Any CPU = Release|Any CPU
	EndGlobalSection
	GlobalSection(ProjectConfigurationPlatforms) = postSolution
		{23CA4C57-A810-4117-AAD3-DC8B45B310F3}.Debug|Any CPU.ActiveCfg = Debug|Any CPU
		{23CA4C57-A810-4117-AAD3-DC8B45B310F3}.Debug|Any CPU.Build.0 = Debug|Any CPU
		{23CA4C57-A810-4117-AAD3-DC8B45B310F3}.Release|Any CPU.ActiveCfg = Release|Any CPU
		{23CA4C57-A810-4117-AAD3-DC8B45B310F3}.Release|Any CPU.Build.0 = Release|Any CPU
		{4B43CD2B-0A2C-40CC-AB0F-3A977D8C2B6A}.Debug|Any CPU.ActiveCfg = Debug|Any CPU
		{4B43CD2B-0A2C-40CC-AB0F-3A977D8C2B6A}.Debug|Any CPU.Build.0 = Debug|Any CPU
		{4B43CD2B-0A2C-40CC-AB0F-3A977D8C2B6A}.Release|Any CPU.ActiveCfg = Release|Any CPU
		{4B43CD2B-0A2C-40CC-AB0F-3A977D8C2B6A}.Release|Any CPU.Build.0 = Release|Any CPU
	EndGlobalSection
	GlobalSection(SolutionProperties) = preSolution
		HideSolutionNode = FALSE
	EndGlobalSection
EndGlobal
